# @generated - this file is auto-generated by `mise lock` https://mise.jdx.dev/dev-tools/mise-lock.html

lockfile_version = 1

[[tools.hugo]]
version = "0.165.0"
backend = "aqua:gohugoio/hugo"
specifiers = ["0.165.0"]

[tools.hugo."platforms.linux-arm64"]
checksum = "sha256:65c9fdd75e82d5f1eaf565f6e9fede6c0ceecaa267798e10c73068986996b77d"
url = "https://github.com/gohugoio/hugo/releases/download/v0.165.0/hugo_0.165.0_linux-arm64.tar.gz"
url_api = "https://api.github.com/repos/gohugoio/hugo/releases/assets/511697401"

[tools.hugo."platforms.linux-arm64-musl"]
checksum = "sha256:65c9fdd75e82d5f1eaf565f6e9fede6c0ceecaa267798e10c73068986996b77d"
url = "https://github.com/gohugoio/hugo/releases/download/v0.165.0/hugo_0.165.0_linux-arm64.tar.gz"
url_api = "https://api.github.com/repos/gohugoio/hugo/releases/assets/511697401"

[tools.hugo."platforms.linux-x64"]
checksum = "sha256:5c3a37a5450b3e386e5b75a87a790fea2d04a796d75e171216c80ef48a32b432"
url = "https://github.com/gohugoio/hugo/releases/download/v0.165.0/hugo_0.165.0_linux-amd64.tar.gz"
url_api = "https://api.github.com/repos/gohugoio/hugo/releases/assets/511697404"

[tools.hugo."platforms.linux-x64-musl"]
checksum = "sha256:5c3a37a5450b3e386e5b75a87a790fea2d04a796d75e171216c80ef48a32b432"
url = "https://github.com/gohugoio/hugo/releases/download/v0.165.0/hugo_0.165.0_linux-amd64.tar.gz"
url_api = "https://api.github.com/repos/gohugoio/hugo/releases/assets/511697404"

[tools.hugo."platforms.macos-arm64"]
checksum = "sha256:10ea75335975a13d0e73ac298402179335c55fa4e99d1687452d9cfa70b30d16"
url = "https://github.com/gohugoio/hugo/releases/download/v0.165.0/hugo_0.165.0_darwin-universal.pkg"
url_api = "https://api.github.com/repos/gohugoio/hugo/releases/assets/511697483"

[tools.hugo."platforms.macos-x64"]
checksum = "sha256:10ea75335975a13d0e73ac298402179335c55fa4e99d1687452d9cfa70b30d16"
url = "https://github.com/gohugoio/hugo/releases/download/v0.165.0/hugo_0.165.0_darwin-universal.pkg"
url_api = "https://api.github.com/repos/gohugoio/hugo/releases/assets/511697483"

[tools.hugo."platforms.windows-x64"]
checksum = "sha256:bdd9cc7837a42389067b2d0df7858d5878ceddef21307c2dd27fa10885fbbcf9"
url = "https://github.com/gohugoio/hugo/releases/download/v0.165.0/hugo_0.165.0_windows-amd64.zip"
url_api = "https://api.github.com/repos/gohugoio/hugo/releases/assets/511697493"

[[tools.just]]
version = "1.58.0"
backend = "aqua:casey/just"
specifiers = ["1.58.0"]

[tools.just."platforms.linux-arm64"]
checksum = "sha256:748237128c4c40cbdabc65e841d05ceba13cc23a91eaba395495894c1d9764df"
url = "https://github.com/casey/just/releases/download/1.58.0/just-1.58.0-aarch64-unknown-linux-musl.tar.gz"
url_api = "https://api.github.com/repos/casey/just/releases/assets/500510099"

[tools.just."platforms.linux-arm64-musl"]
checksum = "sha256:748237128c4c40cbdabc65e841d05ceba13cc23a91eaba395495894c1d9764df"
url = "https://github.com/casey/just/releases/download/1.58.0/just-1.58.0-aarch64-unknown-linux-musl.tar.gz"
url_api = "https://api.github.com/repos/casey/just/releases/assets/500510099"

[tools.just."platforms.linux-x64"]
checksum = "sha256:4a5cc2f53e6f0f8c59092a6cc38291eb729d46a7dd95d3ae582008881b84931d"
url = "https://github.com/casey/just/releases/download/1.58.0/just-1.58.0-x86_64-unknown-linux-musl.tar.gz"
url_api = "https://api.github.com/repos/casey/just/releases/assets/500509978"

[tools.just."platforms.linux-x64-musl"]
checksum = "sha256:4a5cc2f53e6f0f8c59092a6cc38291eb729d46a7dd95d3ae582008881b84931d"
url = "https://github.com/casey/just/releases/download/1.58.0/just-1.58.0-x86_64-unknown-linux-musl.tar.gz"
url_api = "https://api.github.com/repos/casey/just/releases/assets/500509978"

[tools.just."platforms.macos-arm64"]
checksum = "sha256:50ae3e996c974a0bf32ea7d10f495070df33f1b43e0616b2769e3d4821ed8f48"
url = "https://github.com/casey/just/releases/download/1.58.0/just-1.58.0-aarch64-apple-darwin.tar.gz"
url_api = "https://api.github.com/repos/casey/just/releases/assets/500509965"

[tools.just."platforms.macos-x64"]
checksum = "sha256:9a09cfef66aaa79da58203970103a0684307716caaabd3e9844cacc4dc0f4023"
url = "https://github.com/casey/just/releases/download/1.58.0/just-1.58.0-x86_64-apple-darwin.tar.gz"
url_api = "https://api.github.com/repos/casey/just/releases/assets/500510084"

[tools.just."platforms.windows-x64"]
checksum = "sha256:759f16fb7aa17c5c8b9594b6d4a8c1a6630dfd042cf2b3ff84841454d3d188dc"
url = "https://github.com/casey/just/releases/download/1.58.0/just-1.58.0-x86_64-pc-windows-msvc.zip"
url_api = "https://api.github.com/repos/casey/just/releases/assets/500511374"

[[tools.pre-commit]]
version = "4.6.2"
backend = "aqua:pre-commit/pre-commit"
specifiers = ["4.6.2"]

[tools.pre-commit."platforms.linux-arm64"]
checksum = "sha256:43c09a73d82af8efff09900e60d76d67a2c3d990613c3c770b2b5c4418a16c4b"
url = "https://github.com/pre-commit/pre-commit/releases/download/v4.6.2/pre-commit-4.6.2.pyz"
url_api = "https://api.github.com/repos/pre-commit/pre-commit/releases/assets/509317714"

[tools.pre-commit."platforms.linux-arm64-musl"]
checksum = "sha256:43c09a73d82af8efff09900e60d76d67a2c3d990613c3c770b2b5c4418a16c4b"
url = "https://github.com/pre-commit/pre-commit/releases/download/v4.6.2/pre-commit-4.6.2.pyz"
url_api = "https://api.github.com/repos/pre-commit/pre-commit/releases/assets/509317714"

[tools.pre-commit."platforms.linux-x64"]
checksum = "sha256:43c09a73d82af8efff09900e60d76d67a2c3d990613c3c770b2b5c4418a16c4b"
url = "https://github.com/pre-commit/pre-commit/releases/download/v4.6.2/pre-commit-4.6.2.pyz"
url_api = "https://api.github.com/repos/pre-commit/pre-commit/releases/assets/509317714"

[tools.pre-commit."platforms.linux-x64-musl"]
checksum = "sha256:43c09a73d82af8efff09900e60d76d67a2c3d990613c3c770b2b5c4418a16c4b"
url = "https://github.com/pre-commit/pre-commit/releases/download/v4.6.2/pre-commit-4.6.2.pyz"
url_api = "https://api.github.com/repos/pre-commit/pre-commit/releases/assets/509317714"

[tools.pre-commit."platforms.macos-arm64"]
checksum = "sha256:43c09a73d82af8efff09900e60d76d67a2c3d990613c3c770b2b5c4418a16c4b"
url = "https://github.com/pre-commit/pre-commit/releases/download/v4.6.2/pre-commit-4.6.2.pyz"
url_api = "https://api.github.com/repos/pre-commit/pre-commit/releases/assets/509317714"

[tools.pre-commit."platforms.macos-x64"]
checksum = "sha256:43c09a73d82af8efff09900e60d76d67a2c3d990613c3c770b2b5c4418a16c4b"
url = "https://github.com/pre-commit/pre-commit/releases/download/v4.6.2/pre-commit-4.6.2.pyz"
url_api = "https://api.github.com/repos/pre-commit/pre-commit/releases/assets/509317714"

[[tools.ripgrep]]
version = "15.2.0"
backend = "aqua:BurntSushi/ripgrep"
specifiers = ["15.2.0"]

[tools.ripgrep."platforms.linux-arm64"]
checksum = "sha256:a740b91c82eaf9914cfedd353572f2791cbe0162c84101ee0951058f4dcbc90d"
url = "https://github.com/BurntSushi/ripgrep/releases/download/15.2.0/ripgrep-15.2.0-aarch64-unknown-linux-gnu.tar.gz"
url_api = "https://api.github.com/repos/BurntSushi/ripgrep/releases/assets/478119579"

[tools.ripgrep."platforms.linux-arm64-musl"]
checksum = "sha256:800b1e7206afe799dfb5a6901f23147cfaabe0e52210538100f61e86e1740915"
url = "https://github.com/BurntSushi/ripgrep/releases/download/15.2.0/ripgrep-15.2.0-aarch64-unknown-linux-musl.tar.gz"
url_api = "https://api.github.com/repos/BurntSushi/ripgrep/releases/assets/478120060"

[tools.ripgrep."platforms.linux-x64"]
checksum = "sha256:33e15bcf1624b25cdd2a55813a47a2f95dbe126268203e76aa6a585d1e7b149c"
url = "https://github.com/BurntSushi/ripgrep/releases/download/15.2.0/ripgrep-15.2.0-x86_64-unknown-linux-musl.tar.gz"
url_api = "https://api.github.com/repos/BurntSushi/ripgrep/releases/assets/478120097"

[tools.ripgrep."platforms.linux-x64-musl"]
checksum = "sha256:33e15bcf1624b25cdd2a55813a47a2f95dbe126268203e76aa6a585d1e7b149c"
url = "https://github.com/BurntSushi/ripgrep/releases/download/15.2.0/ripgrep-15.2.0-x86_64-unknown-linux-musl.tar.gz"
url_api = "https://api.github.com/repos/BurntSushi/ripgrep/releases/assets/478120097"

[tools.ripgrep."platforms.macos-arm64"]
checksum = "sha256:3750b2e93f37e0c692657da574d7019a101c0084da05a790c83fd335bad973e4"
url = "https://github.com/BurntSushi/ripgrep/releases/download/15.2.0/ripgrep-15.2.0-aarch64-apple-darwin.tar.gz"
url_api = "https://api.github.com/repos/BurntSushi/ripgrep/releases/assets/478118851"

[tools.ripgrep."platforms.macos-x64"]
checksum = "sha256:af7825fcc69a2afc7a7aea55fc9af90e26421d8f20fe59df32e233c0b8a231c1"
url = "https://github.com/BurntSushi/ripgrep/releases/download/15.2.0/ripgrep-15.2.0-x86_64-apple-darwin.tar.gz"
url_api = "https://api.github.com/repos/BurntSushi/ripgrep/releases/assets/478119585"

[tools.ripgrep."platforms.windows-x64"]
checksum = "sha256:71b2fef860abe467217a538ff31de02f5258807c0129f771846f87bd029aafc5"
url = "https://github.com/BurntSushi/ripgrep/releases/download/15.2.0/ripgrep-15.2.0-x86_64-pc-windows-msvc.zip"
url_api = "https://api.github.com/repos/BurntSushi/ripgrep/releases/assets/478119643"

[[tools.uv]]
version = "0.12.12"
backend = "aqua:astral-sh/uv"
specifiers = ["0.12.12"]

[tools.uv."platforms.linux-arm64"]
checksum = "sha256:fe08db50cc1b56cd1da7801065ed1103d27ed3f9571cd122386cfc7faf1b8df5"
url = "https://github.com/astral-sh/uv/releases/download/0.12.12/uv-aarch64-unknown-linux-gnu.tar.gz"
url_api = "https://api.github.com/repos/astral-sh/uv/releases/assets/553169214"
provenance = "github-attestations"

[tools.uv."platforms.linux-arm64-musl"]
checksum = "sha256:82e59fff633cbd96fb675f37c7a748c056d909a59ecf476f8ff0e5bee76b9b23"
url = "https://github.com/astral-sh/uv/releases/download/0.12.12/uv-aarch64-unknown-linux-musl.tar.gz"
url_api = "https://api.github.com/repos/astral-sh/uv/releases/assets/553169225"
provenance = "github-attestations"

[tools.uv."platforms.linux-x64"]
checksum = "sha256:ab9b309d4586403f024e100abaceb396616e178a553e2500c36087d180f09509"
url = "https://github.com/astral-sh/uv/releases/download/0.12.12/uv-x86_64-unknown-linux-gnu.tar.gz"
url_api = "https://api.github.com/repos/astral-sh/uv/releases/assets/553169491"
provenance = "github-attestations"

[tools.uv."platforms.linux-x64-musl"]
checksum = "sha256:0b0bbd7144f91d9b694e29c920fca3a060322bd134e8507e5eb92049a3e2edf0"
url = "https://github.com/astral-sh/uv/releases/download/0.12.12/uv-x86_64-unknown-linux-musl.tar.gz"
url_api = "https://api.github.com/repos/astral-sh/uv/releases/assets/553169515"
provenance = "github-attestations"

[tools.uv."platforms.macos-arm64"]
checksum = "sha256:46740540b63fdee9a6cb2e19baf3f1f475b850c440a33e63455087a6871263f1"
url = "https://github.com/astral-sh/uv/releases/download/0.12.12/uv-aarch64-apple-darwin.tar.gz"
url_api = "https://api.github.com/repos/astral-sh/uv/releases/assets/553169165"
provenance = "github-attestations"

[tools.uv."platforms.macos-x64"]
checksum = "sha256:0dc8cd6c961582b0d140b5398f96b23502885277fb3464241456a2435e460dfa"
url = "https://github.com/astral-sh/uv/releases/download/0.12.12/uv-x86_64-apple-darwin.tar.gz"
url_api = "https://api.github.com/repos/astral-sh/uv/releases/assets/553169443"
provenance = "github-attestations"

[tools.uv."platforms.windows-x64"]
checksum = "sha256:3d54912924c36e862c14f427d04f2ed70a99e8001d1c30caa101f6d5711626d5"
url = "https://github.com/astral-sh/uv/releases/download/0.12.12/uv-x86_64-pc-windows-msvc.zip"
url_api = "https://api.github.com/repos/astral-sh/uv/releases/assets/553169472"
provenance = "github-attestations"

[[tools.xcodegen]]
version = "2.46.0"
backend = "aqua:yonaskolb/XcodeGen"
specifiers = ["2.46.0"]

[tools.xcodegen."platforms.macos-arm64"]
checksum = "sha256:4d9e34b62172d645eed6457cac13fc222569974098ef4ee9c3368bedf0196806"
url = "https://github.com/yonaskolb/XcodeGen/releases/download/2.46.0/xcodegen.zip"
url_api = "https://api.github.com/repos/yonaskolb/XcodeGen/releases/assets/478866069"

[tools.xcodegen."platforms.macos-x64"]
checksum = "sha256:4d9e34b62172d645eed6457cac13fc222569974098ef4ee9c3368bedf0196806"
url = "https://github.com/yonaskolb/XcodeGen/releases/download/2.46.0/xcodegen.zip"
url_api = "https://api.github.com/repos/yonaskolb/XcodeGen/releases/assets/478866069"
